# This file is automatically @generated by Cargo.
# It is not intended for manual editing.
version = 3

[[package]]
name = "backend-vendored-licenses"
version = "0.1.0"
dependencies = [
 "crypto-helper",
 "date-utils",
 "scheduler-lib",
]

[[package]]
name = "crypto-helper"
version = "0.5.0"

[[package]]
name = "date-utils"
version = "1.0.3"

[[package]]
name = "scheduler-lib"
version = "2.1.0"
